
Microsoft Visual Studio Solution File, Format Version 12.00
# Visual Studio Version 16
VisualStudioVersion = 16.0.31702.278
MinimumVisualStudioVersion = 10.0.40219.1
Project("{FAE04EC0-301F-11D3-BF4B-00C04F79EFBC}") = "autokereskedes", "autokereskedes\autokereskedes.csproj", "{2CF0DADA-75AA-4741-B86C-CFEA132CC530}"
EndProject
Global
	GlobalSection(SolutionConfigurationPlatforms) = preSolution
		Debug|Any CPU = Debug|Any CPU
		Release|Any CPU = Release|Any CPU
	EndGlobalSection
	GlobalSection(ProjectConfigurationPlatforms) = postSolution
		{2CF0DADA-75AA-4741-B86C-CFEA132CC530}.Debug|Any CPU.ActiveCfg = Debug|Any CPU
		{2CF0DADA-75AA-4741-B86C-CFEA132CC530}.Debug|Any CPU.Build.0 = Debug|Any CPU
		{2CF0DADA-75AA-4741-B86C-CFEA132CC530}.Release|Any CPU.ActiveCfg = Release|Any CPU
		{2CF0DADA-75AA-4741-B86C-CFEA132CC530}.Release|Any CPU.Build.0 = Release|Any CPU
	EndGlobalSection
	GlobalSection(SolutionProperties) = preSolution
		HideSolutionNode = FALSE
	EndGlobalSection
	GlobalSection(ExtensibilityGlobals) = postSolution
		SolutionGuid = {FEB49030-FD02-4706-B4EF-1FF6499A59B1}
	EndGlobalSection
EndGlobal
